
Microsoft Visual Studio Solution File, Format Version 12.00
# Visual Studio 14
VisualStudioVersion = 14.0.25420.1
MinimumVisualStudioVersion = 10.0.40219.1
Project("{FAE04EC0-301F-11D3-BF4B-00C04F79EFBC}") = "FH.EncryptionValidator.UI", "WindowsFormsApplication1\FH.EncryptionValidator.UI.csproj", "{0E5476C8-49ED-499F-9512-5203B06FAA01}"
EndProject
Project("{FAE04EC0-301F-11D3-BF4B-00C04F79EFBC}") = "FarHorizon.DataSecurity", "FarHorizon.DataSecurity\FarHorizon.DataSecurity.csproj", "{D690E3B0-445C-4B6F-9211-5C2151E22239}"
EndProject
Global
	GlobalSection(SolutionConfigurationPlatforms) = preSolution
		Debug|Any CPU = Debug|Any CPU
		Release|Any CPU = Release|Any CPU
	EndGlobalSection
	GlobalSection(ProjectConfigurationPlatforms) = postSolution
		{0E5476C8-49ED-499F-9512-5203B06FAA01}.Debug|Any CPU.ActiveCfg = Debug|Any CPU
		{0E5476C8-49ED-499F-9512-5203B06FAA01}.Debug|Any CPU.Build.0 = Debug|Any CPU
		{0E5476C8-49ED-499F-9512-5203B06FAA01}.Release|Any CPU.ActiveCfg = Release|Any CPU
		{0E5476C8-49ED-499F-9512-5203B06FAA01}.Release|Any CPU.Build.0 = Release|Any CPU
		{D690E3B0-445C-4B6F-9211-5C2151E22239}.Debug|Any CPU.ActiveCfg = Debug|Any CPU
		{D690E3B0-445C-4B6F-9211-5C2151E22239}.Debug|Any CPU.Build.0 = Debug|Any CPU
		{D690E3B0-445C-4B6F-9211-5C2151E22239}.Release|Any CPU.ActiveCfg = Release|Any CPU
		{D690E3B0-445C-4B6F-9211-5C2151E22239}.Release|Any CPU.Build.0 = Release|Any CPU
	EndGlobalSection
	GlobalSection(SolutionProperties) = preSolution
		HideSolutionNode = FALSE
	EndGlobalSection
EndGlobal
